
Microsoft Visual Studio Solution File, Format Version 12.00
# Visual Studio Version 17
VisualStudioVersion = 17.4.33213.308
MinimumVisualStudioVersion = 10.0.40219.1
Project("{FAE04EC0-301F-11D3-BF4B-00C04F79EFBC}") = "InputPerceptron", "InputPerceptron\InputPerceptron.csproj", "{CCBD298D-C4B6-43C7-80A4-65A4F6892E56}"
EndProject
Global
	GlobalSection(SolutionConfigurationPlatforms) = preSolution
		Debug|Any CPU = Debug|Any CPU
		Release|Any CPU = Release|Any CPU
	EndGlobalSection
	GlobalSection(ProjectConfigurationPlatforms) = postSolution
		{CCBD298D-C4B6-43C7-80A4-65A4F6892E56}.Debug|Any CPU.ActiveCfg = Debug|Any CPU
		{CCBD298D-C4B6-43C7-80A4-65A4F6892E56}.Debug|Any CPU.Build.0 = Debug|Any CPU
		{CCBD298D-C4B6-43C7-80A4-65A4F6892E56}.Release|Any CPU.ActiveCfg = Release|Any CPU
		{CCBD298D-C4B6-43C7-80A4-65A4F6892E56}.Release|Any CPU.Build.0 = Release|Any CPU
	EndGlobalSection
	GlobalSection(SolutionProperties) = preSolution
		HideSolutionNode = FALSE
	EndGlobalSection
	GlobalSection(ExtensibilityGlobals) = postSolution
		SolutionGuid = {A597CA6F-9E24-4E54-B545-7B418737582C}
	EndGlobalSection
EndGlobal
